
Microsoft Visual Studio Solution File, Format Version 12.00
Project("{FAE04EC0-301F-11D3-BF4B-00C04F79EFBC}") = "NB.URLShortener.API", "NB.URLShortener.API\NB.URLShortener.API.csproj", "{614F9B29-AE27-4B03-A10F-D89C50044055}"
EndProject
Global
	GlobalSection(SolutionConfigurationPlatforms) = preSolution
		Debug|Any CPU = Debug|Any CPU
		Release|Any CPU = Release|Any CPU
	EndGlobalSection
	GlobalSection(ProjectConfigurationPlatforms) = postSolution
		{614F9B29-AE27-4B03-A10F-D89C50044055}.Debug|Any CPU.ActiveCfg = Debug|Any CPU
		{614F9B29-AE27-4B03-A10F-D89C50044055}.Debug|Any CPU.Build.0 = Debug|Any CPU
		{614F9B29-AE27-4B03-A10F-D89C50044055}.Release|Any CPU.ActiveCfg = Release|Any CPU
		{614F9B29-AE27-4B03-A10F-D89C50044055}.Release|Any CPU.Build.0 = Release|Any CPU
	EndGlobalSection
EndGlobal
